<?xml version="1.0" encoding="UTF-8" standalone="yes" ?>
<CodeBlocks_project_file>
	<FileVersion major="1" minor="6" />
	<Project>
		<Option title="Gyazo" />
		<Option pch_mode="2" />
		<Option compiler="msvc8" />
		<Build>
			<Target title="Debug">
				<Option output="bin/Debug/Gyazo" prefix_auto="1" extension_auto="1" />
				<Option object_output="obj/Debug/" />
				<Option type="1" />
				<Option compiler="gfortran" />
				<Compiler>
					<Add option="/Zi" />
					<Add option="/D_DEBUG" />
				</Compiler>
				<Linker>
					<Add option="/DEBUG" />
				</Linker>
			</Target>
			<Target title="Release">
				<Option output="bin/Release/Gyazo" prefix_auto="1" extension_auto="1" />
				<Option object_output="obj/Release/" />
				<Option type="1" />
				<Option compiler="gfortran" />
				<Compiler>
					<Add option="/Ox" />
					<Add option="/DNDEBUG" />
				</Compiler>
			</Target>
		</Build>
		<Compiler>
			<Add option="/W3" />
		</Compiler>
		<Unit filename="../../Windows/Users/Dan/Desktop/Gyazowin-master/Gyazowin-master/gyazowin/gyazowin.h" />
		<Unit filename="../../Windows/Users/Dan/Desktop/Gyazowin-master/Gyazowin-master/gyazowin/gyazowin.rc">
			<Option compilerVar="WINDRES" />
		</Unit>
		<Unit filename="../../Windows/Users/Dan/Desktop/Gyazowin-master/Gyazowin-master/gyazowin/resource.h" />
		<Unit filename="../../Windows/Users/Dan/Desktop/Gyazowin-master/Gyazowin-master/gyazowin/stdafx.h" />
		<Unit filename="gyazowin.cpp" />
		<Unit filename="gyazowin.h" />
		<Unit filename="gyazowin.ico" />
		<Unit filename="gyazowin.rc">
			<Option compilerVar="WINDRES" />
		</Unit>
		<Unit filename="gyazowin.vcproj" />
		<Unit filename="resource.h" />
		<Unit filename="stdafx.cpp" />
		<Unit filename="stdafx.h" />
		<Extensions>
			<code_completion />
			<envvars />
			<debugger />
		</Extensions>
	</Project>
</CodeBlocks_project_file>
